
Microsoft Visual Studio Solution File, Format Version 12.00
# Visual Studio Version 17
VisualStudioVersion = 17.5.33530.505
MinimumVisualStudioVersion = 10.0.40219.1
Project("{FAE04EC0-301F-11D3-BF4B-00C04F79EFBC}") = "SlotMachineHandler", "SlotMachineHandler.csproj", "{AA150968-4F29-4B3D-B7F4-6DADBFEA8C2F}"
EndProject
Project("{FAE04EC0-301F-11D3-BF4B-00C04F79EFBC}") = "SlotMachineHandlerTests", "..\SlotMachineHandlerTests\SlotMachineHandlerTests.csproj", "{79E4C25D-BF20-4E08-9A45-F27C305C24FE}"
EndProject
Global
	GlobalSection(SolutionConfigurationPlatforms) = preSolution
		Debug|Any CPU = Debug|Any CPU
		Release|Any CPU = Release|Any CPU
	EndGlobalSection
	GlobalSection(ProjectConfigurationPlatforms) = postSolution
		{AA150968-4F29-4B3D-B7F4-6DADBFEA8C2F}.Debug|Any CPU.ActiveCfg = Debug|Any CPU
		{AA150968-4F29-4B3D-B7F4-6DADBFEA8C2F}.Debug|Any CPU.Build.0 = Debug|Any CPU
		{AA150968-4F29-4B3D-B7F4-6DADBFEA8C2F}.Release|Any CPU.ActiveCfg = Release|Any CPU
		{AA150968-4F29-4B3D-B7F4-6DADBFEA8C2F}.Release|Any CPU.Build.0 = Release|Any CPU
		{79E4C25D-BF20-4E08-9A45-F27C305C24FE}.Debug|Any CPU.ActiveCfg = Debug|Any CPU
		{79E4C25D-BF20-4E08-9A45-F27C305C24FE}.Debug|Any CPU.Build.0 = Debug|Any CPU
		{79E4C25D-BF20-4E08-9A45-F27C305C24FE}.Release|Any CPU.ActiveCfg = Release|Any CPU
		{79E4C25D-BF20-4E08-9A45-F27C305C24FE}.Release|Any CPU.Build.0 = Release|Any CPU
	EndGlobalSection
	GlobalSection(SolutionProperties) = preSolution
		HideSolutionNode = FALSE
	EndGlobalSection
	GlobalSection(ExtensibilityGlobals) = postSolution
		SolutionGuid = {2E9835AE-3504-46B9-912A-C2135D6B49D1}
	EndGlobalSection
EndGlobal
